
Microsoft Visual Studio Solution File, Format Version 9.00
# Visual Studio 2005
Project("{2150E333-8FDC-42A3-9474-1A3956D46DE8}") = "Extensions", "Extensions", "{4A4B306F-FE89-4230-85A9-4C3FA0E57883}"
EndProject
Project("{FAE04EC0-301F-11D3-BF4B-00C04F79EFBC}") = "Oaz.SpecFlowHelpers", "Extensions\Main\Oaz.SpecFlowHelpers.csproj", "{623ADA46-6BE7-4D85-86EE-6A4534D8F226}"
EndProject
Project("{2150E333-8FDC-42A3-9474-1A3956D46DE8}") = "Samples", "Samples", "{39A44864-2A34-4335-BC8F-8E8B7ABE3D16}"
EndProject
Project("{FAE04EC0-301F-11D3-BF4B-00C04F79EFBC}") = "Samples.Oaz.SpecFlowHelpers", "Samples\Main\Samples.Oaz.SpecFlowHelpers.csproj", "{5834AA57-BA2F-486B-880D-A8BD01445E37}"
EndProject
Project("{2150E333-8FDC-42A3-9474-1A3956D46DE8}") = "Libs", "Libs", "{7766F1F3-4546-498C-9DF8-5A6759872657}"
	ProjectSection(SolutionItems) = preProject
		Libs\TechTalk.SpecFlow.dll = Libs\TechTalk.SpecFlow.dll
		Libs\nunit.framework.dll = Libs\nunit.framework.dll
	EndProjectSection
EndProject
Project("{2150E333-8FDC-42A3-9474-1A3956D46DE8}") = "Specs", "Specs", "{96AAF423-825F-4D1C-946B-ADA37154F504}"
EndProject
Project("{FAE04EC0-301F-11D3-BF4B-00C04F79EFBC}") = "Specs.Oaz.SpecFlowHelpers", "Specs\Main\Specs.Oaz.SpecFlowHelpers.csproj", "{34D981B2-AAAF-4A24-8CB4-ED8EEEE80647}"
EndProject
Global
	GlobalSection(SolutionConfigurationPlatforms) = preSolution
		Debug|Any CPU = Debug|Any CPU
		Release|Any CPU = Release|Any CPU
	EndGlobalSection
	GlobalSection(ProjectConfigurationPlatforms) = postSolution
		{34D981B2-AAAF-4A24-8CB4-ED8EEEE80647}.Debug|Any CPU.ActiveCfg = Debug|Any CPU
		{34D981B2-AAAF-4A24-8CB4-ED8EEEE80647}.Debug|Any CPU.Build.0 = Debug|Any CPU
		{34D981B2-AAAF-4A24-8CB4-ED8EEEE80647}.Release|Any CPU.ActiveCfg = Release|Any CPU
		{34D981B2-AAAF-4A24-8CB4-ED8EEEE80647}.Release|Any CPU.Build.0 = Release|Any CPU
		{5834AA57-BA2F-486B-880D-A8BD01445E37}.Debug|Any CPU.ActiveCfg = Debug|Any CPU
		{5834AA57-BA2F-486B-880D-A8BD01445E37}.Debug|Any CPU.Build.0 = Debug|Any CPU
		{5834AA57-BA2F-486B-880D-A8BD01445E37}.Release|Any CPU.ActiveCfg = Release|Any CPU
		{5834AA57-BA2F-486B-880D-A8BD01445E37}.Release|Any CPU.Build.0 = Release|Any CPU
		{623ADA46-6BE7-4D85-86EE-6A4534D8F226}.Debug|Any CPU.ActiveCfg = Debug|Any CPU
		{623ADA46-6BE7-4D85-86EE-6A4534D8F226}.Debug|Any CPU.Build.0 = Debug|Any CPU
		{623ADA46-6BE7-4D85-86EE-6A4534D8F226}.Release|Any CPU.ActiveCfg = Release|Any CPU
		{623ADA46-6BE7-4D85-86EE-6A4534D8F226}.Release|Any CPU.Build.0 = Release|Any CPU
	EndGlobalSection
	GlobalSection(NestedProjects) = preSolution
		{623ADA46-6BE7-4D85-86EE-6A4534D8F226} = {4A4B306F-FE89-4230-85A9-4C3FA0E57883}
		{5834AA57-BA2F-486B-880D-A8BD01445E37} = {39A44864-2A34-4335-BC8F-8E8B7ABE3D16}
		{34D981B2-AAAF-4A24-8CB4-ED8EEEE80647} = {96AAF423-825F-4D1C-946B-ADA37154F504}
	EndGlobalSection
	GlobalSection(MonoDevelopProperties) = preSolution
		StartupItem = Extensions\Main\Oaz.SpecFlowHelpers.csproj
	EndGlobalSection
EndGlobal
